// !$*UTF8*$!
{
	archiveVersion = 1;
	classes = {
	};
	objectVersion = 56;
	objects = {

/* Begin PBXBuildFile section */
		A00000000000000000000101 /* LacEditorApp.swift in Sources */ = {isa = PBXBuildFile; fileRef = A00000000000000000000001 /* LacEditorApp.swift */; };
		A00000000000000000000102 /* AppState.swift in Sources */ = {isa = PBXBuildFile; fileRef = A00000000000000000000002 /* AppState.swift */; };
		A00000000000000000000103 /* LacEditorCommands.swift in Sources */ = {isa = PBXBuildFile; fileRef = A00000000000000000000003 /* LacEditorCommands.swift */; };
		A00000000000000000000104 /* EditorLanguage.swift in Sources */ = {isa = PBXBuildFile; fileRef = A00000000000000000000004 /* EditorLanguage.swift */; };
		A00000000000000000000105 /* EditorDocument.swift in Sources */ = {isa = PBXBuildFile; fileRef = A00000000000000000000005 /* EditorDocument.swift */; };
		A0000000000000000000012C /* AppPreferences.swift in Sources */ = {isa = PBXBuildFile; fileRef = A0000000000000000000002C /* AppPreferences.swift */; };
		A0000000000000000000012D /* SidebarLibraryStore.swift in Sources */ = {isa = PBXBuildFile; fileRef = A0000000000000000000002D /* SidebarLibraryStore.swift */; };
		A00000000000000000000107 /* FileService.swift in Sources */ = {isa = PBXBuildFile; fileRef = A00000000000000000000007 /* FileService.swift */; };
		A00000000000000000000108 /* RecentFilesStore.swift in Sources */ = {isa = PBXBuildFile; fileRef = A00000000000000000000008 /* RecentFilesStore.swift */; };
		A00000000000000000000109 /* JSONFormatter.swift in Sources */ = {isa = PBXBuildFile; fileRef = A00000000000000000000009 /* JSONFormatter.swift */; };
		A0000000000000000000010A /* LacTextView.swift in Sources */ = {isa = PBXBuildFile; fileRef = A0000000000000000000000A /* LacTextView.swift */; };
		A0000000000000000000010B /* LineNumberRulerView.swift in Sources */ = {isa = PBXBuildFile; fileRef = A0000000000000000000000B /* LineNumberRulerView.swift */; };
		A0000000000000000000010C /* FoldService.swift in Sources */ = {isa = PBXBuildFile; fileRef = A0000000000000000000000C /* FoldService.swift */; };
		A0000000000000000000010D /* SyntaxHighlighter.swift in Sources */ = {isa = PBXBuildFile; fileRef = A0000000000000000000000D /* SyntaxHighlighter.swift */; };
		A0000000000000000000010E /* EditorTextView.swift in Sources */ = {isa = PBXBuildFile; fileRef = A0000000000000000000000E /* EditorTextView.swift */; };
		A0000000000000000000010F /* MarkdownRenderer.swift in Sources */ = {isa = PBXBuildFile; fileRef = A0000000000000000000000F /* MarkdownRenderer.swift */; };
		A00000000000000000000110 /* MarkdownPreview.swift in Sources */ = {isa = PBXBuildFile; fileRef = A00000000000000000000010 /* MarkdownPreview.swift */; };
		A00000000000000000000111 /* MainWindowView.swift in Sources */ = {isa = PBXBuildFile; fileRef = A00000000000000000000011 /* MainWindowView.swift */; };
		A00000000000000000000112 /* TitleToolbar.swift in Sources */ = {isa = PBXBuildFile; fileRef = A00000000000000000000012 /* TitleToolbar.swift */; };
		A00000000000000000000113 /* TabBarView.swift in Sources */ = {isa = PBXBuildFile; fileRef = A00000000000000000000013 /* TabBarView.swift */; };
		A00000000000000000000114 /* SidebarView.swift in Sources */ = {isa = PBXBuildFile; fileRef = A00000000000000000000014 /* SidebarView.swift */; };
		A00000000000000000000115 /* StatusBarView.swift in Sources */ = {isa = PBXBuildFile; fileRef = A00000000000000000000015 /* StatusBarView.swift */; };
		A00000000000000000000116 /* SettingsView.swift in Sources */ = {isa = PBXBuildFile; fileRef = A00000000000000000000016 /* SettingsView.swift */; };
		A00000000000000000000117 /* TextSearchService.swift in Sources */ = {isa = PBXBuildFile; fileRef = A00000000000000000000017 /* TextSearchService.swift */; };
		A00000000000000000000118 /* FindReplaceView.swift in Sources */ = {isa = PBXBuildFile; fileRef = A00000000000000000000018 /* FindReplaceView.swift */; };
		A00000000000000000000119 /* ListContinuationService.swift in Sources */ = {isa = PBXBuildFile; fileRef = A00000000000000000000019 /* ListContinuationService.swift */; };
		A0000000000000000000011A /* StableToolTip.swift in Sources */ = {isa = PBXBuildFile; fileRef = A0000000000000000000001A /* StableToolTip.swift */; };
		A0000000000000000000011B /* WindowManager.swift in Sources */ = {isa = PBXBuildFile; fileRef = A0000000000000000000001B /* WindowManager.swift */; };
		A0000000000000000000011C /* Assets.xcassets in Resources */ = {isa = PBXBuildFile; fileRef = A0000000000000000000001C /* Assets.xcassets */; };
		A00000000000000000000121 /* AppKit.framework in Frameworks */ = {isa = PBXBuildFile; fileRef = A00000000000000000000021 /* AppKit.framework */; };
		A00000000000000000000122 /* SwiftUI.framework in Frameworks */ = {isa = PBXBuildFile; fileRef = A00000000000000000000022 /* SwiftUI.framework */; };
		A00000000000000000000123 /* WebKit.framework in Frameworks */ = {isa = PBXBuildFile; fileRef = A00000000000000000000023 /* WebKit.framework */; };
		A00000000000000000000124 /* UniformTypeIdentifiers.framework in Frameworks */ = {isa = PBXBuildFile; fileRef = A00000000000000000000024 /* UniformTypeIdentifiers.framework */; };
		A00000000000000000000125 /* LogicalLineIndex.swift in Sources */ = {isa = PBXBuildFile; fileRef = A00000000000000000000025 /* LogicalLineIndex.swift */; };
		A00000000000000000000126 /* FoldLayoutManager.swift in Sources */ = {isa = PBXBuildFile; fileRef = A00000000000000000000026 /* FoldLayoutManager.swift */; };
		A00000000000000000000127 /* LacEditorDesign.swift in Sources */ = {isa = PBXBuildFile; fileRef = A00000000000000000000027 /* LacEditorDesign.swift */; };
		A00000000000000000000128 /* CodeLexicalScanner.swift in Sources */ = {isa = PBXBuildFile; fileRef = A00000000000000000000028 /* CodeLexicalScanner.swift */; };
		A00000000000000000000129 /* DelimiterMatchingService.swift in Sources */ = {isa = PBXBuildFile; fileRef = A00000000000000000000029 /* DelimiterMatchingService.swift */; };
		A0000000000000000000012A /* TextCodecService.swift in Sources */ = {isa = PBXBuildFile; fileRef = A0000000000000000000002A /* TextCodecService.swift */; };
		A0000000000000000000012B /* TextTransformationView.swift in Sources */ = {isa = PBXBuildFile; fileRef = A0000000000000000000002B /* TextTransformationView.swift */; };
/* End PBXBuildFile section */

/* Begin PBXFileReference section */
		A00000000000000000000001 /* LacEditorApp.swift */ = {isa = PBXFileReference; lastKnownFileType = sourcecode.swift; path = LacEditorApp.swift; sourceTree = "<group>"; };
		A00000000000000000000002 /* AppState.swift */ = {isa = PBXFileReference; lastKnownFileType = sourcecode.swift; path = AppState.swift; sourceTree = "<group>"; };
		A00000000000000000000003 /* LacEditorCommands.swift */ = {isa = PBXFileReference; lastKnownFileType = sourcecode.swift; path = LacEditorCommands.swift; sourceTree = "<group>"; };
		A00000000000000000000004 /* EditorLanguage.swift */ = {isa = PBXFileReference; lastKnownFileType = sourcecode.swift; path = EditorLanguage.swift; sourceTree = "<group>"; };
		A00000000000000000000005 /* EditorDocument.swift */ = {isa = PBXFileReference; lastKnownFileType = sourcecode.swift; path = EditorDocument.swift; sourceTree = "<group>"; };
		A0000000000000000000002C /* AppPreferences.swift */ = {isa = PBXFileReference; lastKnownFileType = sourcecode.swift; path = AppPreferences.swift; sourceTree = "<group>"; };
		A0000000000000000000002D /* SidebarLibraryStore.swift */ = {isa = PBXFileReference; lastKnownFileType = sourcecode.swift; path = SidebarLibraryStore.swift; sourceTree = "<group>"; };
		A00000000000000000000007 /* FileService.swift */ = {isa = PBXFileReference; lastKnownFileType = sourcecode.swift; path = FileService.swift; sourceTree = "<group>"; };
		A00000000000000000000008 /* RecentFilesStore.swift */ = {isa = PBXFileReference; lastKnownFileType = sourcecode.swift; path = RecentFilesStore.swift; sourceTree = "<group>"; };
		A00000000000000000000009 /* JSONFormatter.swift */ = {isa = PBXFileReference; lastKnownFileType = sourcecode.swift; path = JSONFormatter.swift; sourceTree = "<group>"; };
		A0000000000000000000000A /* LacTextView.swift */ = {isa = PBXFileReference; lastKnownFileType = sourcecode.swift; path = LacTextView.swift; sourceTree = "<group>"; };
		A0000000000000000000000B /* LineNumberRulerView.swift */ = {isa = PBXFileReference; lastKnownFileType = sourcecode.swift; path = LineNumberRulerView.swift; sourceTree = "<group>"; };
		A0000000000000000000000C /* FoldService.swift */ = {isa = PBXFileReference; lastKnownFileType = sourcecode.swift; path = FoldService.swift; sourceTree = "<group>"; };
		A0000000000000000000000D /* SyntaxHighlighter.swift */ = {isa = PBXFileReference; lastKnownFileType = sourcecode.swift; path = SyntaxHighlighter.swift; sourceTree = "<group>"; };
		A0000000000000000000000E /* EditorTextView.swift */ = {isa = PBXFileReference; lastKnownFileType = sourcecode.swift; path = EditorTextView.swift; sourceTree = "<group>"; };
		A0000000000000000000000F /* MarkdownRenderer.swift */ = {isa = PBXFileReference; lastKnownFileType = sourcecode.swift; path = MarkdownRenderer.swift; sourceTree = "<group>"; };
		A00000000000000000000010 /* MarkdownPreview.swift */ = {isa = PBXFileReference; lastKnownFileType = sourcecode.swift; path = MarkdownPreview.swift; sourceTree = "<group>"; };
		A00000000000000000000011 /* MainWindowView.swift */ = {isa = PBXFileReference; lastKnownFileType = sourcecode.swift; path = MainWindowView.swift; sourceTree = "<group>"; };
		A00000000000000000000012 /* TitleToolbar.swift */ = {isa = PBXFileReference; lastKnownFileType = sourcecode.swift; path = TitleToolbar.swift; sourceTree = "<group>"; };
		A00000000000000000000013 /* TabBarView.swift */ = {isa = PBXFileReference; lastKnownFileType = sourcecode.swift; path = TabBarView.swift; sourceTree = "<group>"; };
		A00000000000000000000014 /* SidebarView.swift */ = {isa = PBXFileReference; lastKnownFileType = sourcecode.swift; path = SidebarView.swift; sourceTree = "<group>"; };
		A00000000000000000000015 /* StatusBarView.swift */ = {isa = PBXFileReference; lastKnownFileType = sourcecode.swift; path = StatusBarView.swift; sourceTree = "<group>"; };
		A00000000000000000000016 /* SettingsView.swift */ = {isa = PBXFileReference; lastKnownFileType = sourcecode.swift; path = SettingsView.swift; sourceTree = "<group>"; };
		A00000000000000000000017 /* TextSearchService.swift */ = {isa = PBXFileReference; lastKnownFileType = sourcecode.swift; path = TextSearchService.swift; sourceTree = "<group>"; };
		A00000000000000000000018 /* FindReplaceView.swift */ = {isa = PBXFileReference; lastKnownFileType = sourcecode.swift; path = FindReplaceView.swift; sourceTree = "<group>"; };
		A00000000000000000000019 /* ListContinuationService.swift */ = {isa = PBXFileReference; lastKnownFileType = sourcecode.swift; path = ListContinuationService.swift; sourceTree = "<group>"; };
		A0000000000000000000001A /* StableToolTip.swift */ = {isa = PBXFileReference; lastKnownFileType = sourcecode.swift; path = StableToolTip.swift; sourceTree = "<group>"; };
		A0000000000000000000001B /* WindowManager.swift */ = {isa = PBXFileReference; lastKnownFileType = sourcecode.swift; path = WindowManager.swift; sourceTree = "<group>"; };
		A0000000000000000000001C /* Assets.xcassets */ = {isa = PBXFileReference; lastKnownFileType = folder.assetcatalog; path = Assets.xcassets; sourceTree = "<group>"; };
		A00000000000000000000020 /* LacEditor.app */ = {isa = PBXFileReference; explicitFileType = wrapper.application; includeInIndex = 0; path = LacEditor.app; sourceTree = BUILT_PRODUCTS_DIR; };
		A00000000000000000000021 /* AppKit.framework */ = {isa = PBXFileReference; lastKnownFileType = wrapper.framework; name = AppKit.framework; path = System/Library/Frameworks/AppKit.framework; sourceTree = SDKROOT; };
		A00000000000000000000022 /* SwiftUI.framework */ = {isa = PBXFileReference; lastKnownFileType = wrapper.framework; name = SwiftUI.framework; path = System/Library/Frameworks/SwiftUI.framework; sourceTree = SDKROOT; };
		A00000000000000000000023 /* WebKit.framework */ = {isa = PBXFileReference; lastKnownFileType = wrapper.framework; name = WebKit.framework; path = System/Library/Frameworks/WebKit.framework; sourceTree = SDKROOT; };
		A00000000000000000000024 /* UniformTypeIdentifiers.framework */ = {isa = PBXFileReference; lastKnownFileType = wrapper.framework; name = UniformTypeIdentifiers.framework; path = System/Library/Frameworks/UniformTypeIdentifiers.framework; sourceTree = SDKROOT; };
		A00000000000000000000025 /* LogicalLineIndex.swift */ = {isa = PBXFileReference; lastKnownFileType = sourcecode.swift; path = LogicalLineIndex.swift; sourceTree = "<group>"; };
		A00000000000000000000026 /* FoldLayoutManager.swift */ = {isa = PBXFileReference; lastKnownFileType = sourcecode.swift; path = FoldLayoutManager.swift; sourceTree = "<group>"; };
		A00000000000000000000027 /* LacEditorDesign.swift */ = {isa = PBXFileReference; lastKnownFileType = sourcecode.swift; path = LacEditorDesign.swift; sourceTree = "<group>"; };
		A00000000000000000000028 /* CodeLexicalScanner.swift */ = {isa = PBXFileReference; lastKnownFileType = sourcecode.swift; path = CodeLexicalScanner.swift; sourceTree = "<group>"; };
		A00000000000000000000029 /* DelimiterMatchingService.swift */ = {isa = PBXFileReference; lastKnownFileType = sourcecode.swift; path = DelimiterMatchingService.swift; sourceTree = "<group>"; };
		A0000000000000000000002A /* TextCodecService.swift */ = {isa = PBXFileReference; lastKnownFileType = sourcecode.swift; path = TextCodecService.swift; sourceTree = "<group>"; };
		A0000000000000000000002B /* TextTransformationView.swift */ = {isa = PBXFileReference; lastKnownFileType = sourcecode.swift; path = TextTransformationView.swift; sourceTree = "<group>"; };
/* End PBXFileReference section */

/* Begin PBXFrameworksBuildPhase section */
		A00000000000000000000201 /* Frameworks */ = {
			isa = PBXFrameworksBuildPhase;
			buildActionMask = 2147483647;
			files = (
				A00000000000000000000121 /* AppKit.framework in Frameworks */,
				A00000000000000000000122 /* SwiftUI.framework in Frameworks */,
				A00000000000000000000123 /* WebKit.framework in Frameworks */,
				A00000000000000000000124 /* UniformTypeIdentifiers.framework in Frameworks */,
			);
			runOnlyForDeploymentPostprocessing = 0;
		};
/* End PBXFrameworksBuildPhase section */

/* Begin PBXGroup section */
		A00000000000000000000300 = {
			isa = PBXGroup;
			children = (
				A00000000000000000000301 /* LacEditor */,
				A00000000000000000000309 /* Frameworks */,
				A0000000000000000000030A /* Products */,
			);
			sourceTree = "<group>";
		};
		A00000000000000000000301 /* LacEditor */ = {
			isa = PBXGroup;
			children = (
				A00000000000000000000302 /* App */,
				A00000000000000000000303 /* Models */,
				A00000000000000000000304 /* Services */,
				A00000000000000000000305 /* Editor */,
				A00000000000000000000306 /* Preview */,
				A00000000000000000000307 /* Views */,
				A0000000000000000000001C /* Assets.xcassets */,
			);
			path = LacEditor;
			sourceTree = "<group>";
		};
		A00000000000000000000302 /* App */ = {isa = PBXGroup; children = (A00000000000000000000001, A00000000000000000000002, A0000000000000000000002C, A00000000000000000000003, A0000000000000000000001B); path = App; sourceTree = "<group>"; };
		A00000000000000000000303 /* Models */ = {isa = PBXGroup; children = (A00000000000000000000004, A00000000000000000000005); path = Models; sourceTree = "<group>"; };
		A00000000000000000000304 /* Services */ = {isa = PBXGroup; children = (A00000000000000000000007, A00000000000000000000008, A0000000000000000000002D, A00000000000000000000009, A00000000000000000000017, A0000000000000000000002A); path = Services; sourceTree = "<group>"; };
		A00000000000000000000305 /* Editor */ = {isa = PBXGroup; children = (A0000000000000000000000A, A0000000000000000000000B, A0000000000000000000000C, A00000000000000000000026, A00000000000000000000028, A00000000000000000000029, A0000000000000000000000D, A0000000000000000000000E, A00000000000000000000019, A00000000000000000000025); path = Editor; sourceTree = "<group>"; };
		A00000000000000000000306 /* Preview */ = {isa = PBXGroup; children = (A0000000000000000000000F, A00000000000000000000010); path = Preview; sourceTree = "<group>"; };
		A00000000000000000000307 /* Views */ = {isa = PBXGroup; children = (A00000000000000000000027, A00000000000000000000011, A00000000000000000000012, A00000000000000000000013, A00000000000000000000014, A00000000000000000000015, A00000000000000000000016, A00000000000000000000018, A0000000000000000000002B, A0000000000000000000001A); path = Views; sourceTree = "<group>"; };
		A00000000000000000000309 /* Frameworks */ = {isa = PBXGroup; children = (A00000000000000000000021, A00000000000000000000022, A00000000000000000000023, A00000000000000000000024); name = Frameworks; sourceTree = "<group>"; };
		A0000000000000000000030A /* Products */ = {isa = PBXGroup; children = (A00000000000000000000020); name = Products; sourceTree = "<group>"; };
/* End PBXGroup section */

/* Begin PBXNativeTarget section */
		A00000000000000000000400 /* LacEditor */ = {
			isa = PBXNativeTarget;
			buildConfigurationList = A00000000000000000000701 /* Build configuration list for PBXNativeTarget "LacEditor" */;
			buildPhases = (
				A00000000000000000000200 /* Sources */,
				A00000000000000000000201 /* Frameworks */,
				A00000000000000000000202 /* Resources */,
			);
			buildRules = ();
			dependencies = ();
			name = LacEditor;
			productName = LacEditor;
			productReference = A00000000000000000000020 /* LacEditor.app */;
			productType = "com.apple.product-type.application";
		};
/* End PBXNativeTarget section */

/* Begin PBXProject section */
		A00000000000000000000500 /* Project object */ = {
			isa = PBXProject;
			attributes = {
				BuildIndependentTargetsInParallel = 1;
				LastSwiftUpdateCheck = 1600;
				LastUpgradeCheck = 1600;
				TargetAttributes = {
					A00000000000000000000400 = {CreatedOnToolsVersion = 16.0; };
				};
			};
			buildConfigurationList = A00000000000000000000700 /* Build configuration list for PBXProject "LacEditor" */;
			compatibilityVersion = "Xcode 14.0";
			developmentRegion = zh-Hans;
			hasScannedForEncodings = 0;
			knownRegions = (Base, "zh-Hans", en);
			mainGroup = A00000000000000000000300;
			productRefGroup = A0000000000000000000030A /* Products */;
			projectDirPath = "";
			projectRoot = "";
			targets = (A00000000000000000000400 /* LacEditor */);
		};
/* End PBXProject section */

/* Begin PBXResourcesBuildPhase section */
		A00000000000000000000202 /* Resources */ = {
			isa = PBXResourcesBuildPhase;
			buildActionMask = 2147483647;
			files = (
				A0000000000000000000011C /* Assets.xcassets in Resources */,
			);
			runOnlyForDeploymentPostprocessing = 0;
		};
/* End PBXResourcesBuildPhase section */

/* Begin PBXSourcesBuildPhase section */
		A00000000000000000000200 /* Sources */ = {
			isa = PBXSourcesBuildPhase;
			buildActionMask = 2147483647;
			files = (
				A00000000000000000000101, A00000000000000000000102, A00000000000000000000103,
				A00000000000000000000104, A00000000000000000000105, A0000000000000000000012C,
				A0000000000000000000012D,
				A00000000000000000000107, A00000000000000000000108, A00000000000000000000109,
				A0000000000000000000010A, A0000000000000000000010B, A0000000000000000000010C,
				A0000000000000000000010D, A0000000000000000000010E, A0000000000000000000010F,
				A00000000000000000000110, A00000000000000000000111, A00000000000000000000112,
				A00000000000000000000113, A00000000000000000000114, A00000000000000000000115,
				A00000000000000000000116, A00000000000000000000117, A00000000000000000000118,
				A00000000000000000000119, A0000000000000000000011A,
				A0000000000000000000011B,
				A00000000000000000000125,
				A00000000000000000000126,
				A00000000000000000000127,
				A00000000000000000000128,
				A00000000000000000000129,
				A0000000000000000000012A,
				A0000000000000000000012B,
			);
			runOnlyForDeploymentPostprocessing = 0;
		};
/* End PBXSourcesBuildPhase section */

/* Begin XCBuildConfiguration section */
		A00000000000000000000600 /* Debug */ = {isa = XCBuildConfiguration; buildSettings = {CLANG_ENABLE_MODULES = YES; MACOSX_DEPLOYMENT_TARGET = 14.0; SDKROOT = macosx; SWIFT_VERSION = 5.0; }; name = Debug; };
		A00000000000000000000601 /* Release */ = {isa = XCBuildConfiguration; buildSettings = {CLANG_ENABLE_MODULES = YES; MACOSX_DEPLOYMENT_TARGET = 14.0; SDKROOT = macosx; SWIFT_COMPILATION_MODE = wholemodule; SWIFT_OPTIMIZATION_LEVEL = "-O"; SWIFT_VERSION = 5.0; }; name = Release; };
		A00000000000000000000610 /* Debug */ = {
			isa = XCBuildConfiguration;
			buildSettings = {
				ASSETCATALOG_COMPILER_APPICON_NAME = AppIcon;
				ASSETCATALOG_COMPILER_GLOBAL_ACCENT_COLOR_NAME = AccentColor;
				CODE_SIGN_STYLE = Automatic;
				COMBINE_HIDPI_IMAGES = YES;
				CURRENT_PROJECT_VERSION = 7;
				ENABLE_APP_SANDBOX = NO;
				ENABLE_HARDENED_RUNTIME = YES;
				GENERATE_INFOPLIST_FILE = YES;
				INFOPLIST_KEY_CFBundleDisplayName = LacEditor;
				INFOPLIST_KEY_LSApplicationCategoryType = "public.app-category.productivity";
				INFOPLIST_KEY_NSHighResolutionCapable = YES;
				LD_RUNPATH_SEARCH_PATHS = "@executable_path/../Frameworks";
				MACOSX_DEPLOYMENT_TARGET = 14.0;
				MARKETING_VERSION = 0.7.0;
				PRODUCT_BUNDLE_IDENTIFIER = com.laceditor.app;
				PRODUCT_NAME = "$(TARGET_NAME)";
				SWIFT_EMIT_LOC_STRINGS = YES;
				SWIFT_VERSION = 5.0;
				VERSIONING_SYSTEM = "apple-generic";
			};
			name = Debug;
		};
		A00000000000000000000611 /* Release */ = {
			isa = XCBuildConfiguration;
			buildSettings = {
				ASSETCATALOG_COMPILER_APPICON_NAME = AppIcon;
				ASSETCATALOG_COMPILER_GLOBAL_ACCENT_COLOR_NAME = AccentColor;
				CODE_SIGN_STYLE = Automatic;
				COMBINE_HIDPI_IMAGES = YES;
				CURRENT_PROJECT_VERSION = 7;
				ENABLE_APP_SANDBOX = NO;
				ENABLE_HARDENED_RUNTIME = YES;
				GENERATE_INFOPLIST_FILE = YES;
				INFOPLIST_KEY_CFBundleDisplayName = LacEditor;
				INFOPLIST_KEY_LSApplicationCategoryType = "public.app-category.productivity";
				INFOPLIST_KEY_NSHighResolutionCapable = YES;
				LD_RUNPATH_SEARCH_PATHS = "@executable_path/../Frameworks";
				MACOSX_DEPLOYMENT_TARGET = 14.0;
				MARKETING_VERSION = 0.7.0;
				PRODUCT_BUNDLE_IDENTIFIER = com.laceditor.app;
				PRODUCT_NAME = "$(TARGET_NAME)";
				SWIFT_COMPILATION_MODE = wholemodule;
				SWIFT_EMIT_LOC_STRINGS = YES;
				SWIFT_OPTIMIZATION_LEVEL = "-O";
				SWIFT_VERSION = 5.0;
				VERSIONING_SYSTEM = "apple-generic";
			};
			name = Release;
		};
/* End XCBuildConfiguration section */

/* Begin XCConfigurationList section */
		A00000000000000000000700 /* Build configuration list for PBXProject "LacEditor" */ = {isa = XCConfigurationList; buildConfigurations = (A00000000000000000000600, A00000000000000000000601); defaultConfigurationIsVisible = 0; defaultConfigurationName = Release; };
		A00000000000000000000701 /* Build configuration list for PBXNativeTarget "LacEditor" */ = {isa = XCConfigurationList; buildConfigurations = (A00000000000000000000610, A00000000000000000000611); defaultConfigurationIsVisible = 0; defaultConfigurationName = Release; };
/* End XCConfigurationList section */
	};
	rootObject = A00000000000000000000500 /* Project object */;
}
